{
  "name": "waveorb-validations",
  "version": "0.2.1",
  "lockfileVersion": 2,
  "requires": true,
  "packages": {
    "": {
      "name": "waveorb-validations",
      "version": "0.2.1",
      "license": "MIT",
      "devDependencies": {
        "configdb": "^0.2.5",
        "d8a": "^0.10.2"
      }
    },
    "node_modules/@noble/hashes": {
      "version": "1.5.0",
      "resolved": "https://registry.npmjs.org/@noble/hashes/-/hashes-1.5.0.tgz",
      "integrity": "sha512-1j6kQFb7QRru7eKN3ZDvRcP13rugwdxZqCjbiAVZfIJwgj2A65UmT4TgARXGlXgnRkORLTDTrO19ZErt7+QXgA==",
      "dev": true,
      "license": "MIT",
      "engines": {
        "node": "^14.21.3 || >=16"
      },
      "funding": {
        "url": "https://paulmillr.com/funding/"
      }
    },
    "node_modules/@paralleldrive/cuid2": {
      "version": "2.2.2",
      "resolved": "https://registry.npmjs.org/@paralleldrive/cuid2/-/cuid2-2.2.2.tgz",
      "integrity": "sha512-ZOBkgDwEdoYVlSeRbYYXs0S9MejQofiVYoTbKzy/6GQa39/q5tQU2IX46+shYnUkpEl3wc+J6wRlar7r2EK2xA==",
      "dev": true,
      "license": "MIT",
      "dependencies": {
        "@noble/hashes": "^1.1.5"
      }
    },
    "node_modules/argparse": {
      "version": "2.0.1",
      "resolved": "https://registry.npmjs.org/argparse/-/argparse-2.0.1.tgz",
      "integrity": "sha512-8+9WqebbFzpX9OR+Wa6O29asIogeRMzcGtAINdpMHHyAg10f05aSFVBbcEqGf/PXw1EjAZ+q2/bEBg3DvurK3Q==",
      "dev": true,
      "license": "Python-2.0"
    },
    "node_modules/bcryptjs": {
      "version": "2.4.3",
      "resolved": "https://registry.npmjs.org/bcryptjs/-/bcryptjs-2.4.3.tgz",
      "integrity": "sha512-V/Hy/X9Vt7f3BbPJEi8BdVFMByHi+jNXrYkW3huaybV/kQ0KJg0Y6PkEMbn+zeT+i+SiKZ/HMqJGIIt4LZDqNQ==",
      "dev": true,
      "license": "MIT"
    },
    "node_modules/configdb": {
      "version": "0.2.5",
      "resolved": "https://registry.npmjs.org/configdb/-/configdb-0.2.5.tgz",
      "integrity": "sha512-BmBlBbUBRl8811u8OVe/nmki8v7BmFalY/cleZZSvA+9numzWg915m3qEtF8thPF6xTgaoe6rUM3h6FaxT+VMg==",
      "dev": true,
      "dependencies": {
        "cuid": "^2.1.8",
        "lodash": "^4.17.21"
      }
    },
    "node_modules/cuid": {
      "version": "2.1.8",
      "resolved": "https://registry.npmjs.org/cuid/-/cuid-2.1.8.tgz",
      "integrity": "sha512-xiEMER6E7TlTPnDxrM4eRiC6TRgjNX9xzEZ5U/Se2YJKr7Mq4pJn/2XEHjl3STcSh96GmkHPcBXLES8M29wyyg==",
      "dev": true
    },
    "node_modules/d8a": {
      "version": "0.10.2",
      "resolved": "https://registry.npmjs.org/d8a/-/d8a-0.10.2.tgz",
      "integrity": "sha512-lF33UOKDs3xk3bYCqgTnWMlq0kcvCFihMAPsRb4ye8To3Z+D1CKw/RIH3P4A0Mq+J8o/RnxgUmYswwakZgp3Zg==",
      "dev": true,
      "license": "MIT",
      "dependencies": {
        "extras": "^0.15.0"
      }
    },
    "node_modules/extras": {
      "version": "0.15.0",
      "resolved": "https://registry.npmjs.org/extras/-/extras-0.15.0.tgz",
      "integrity": "sha512-QEU4dxiQcoZDpWG8TM+AcYxbAmx+cIuY0zR4kc/7hL3SvsQRq246c8SkTIzHrZPZrA4NwOxnZDdlE0MctM42sw==",
      "dev": true,
      "license": "MIT",
      "dependencies": {
        "@paralleldrive/cuid2": "^2.2.2",
        "bcryptjs": "^2.4.3",
        "js-yaml": "^4.1.0",
        "lodash": "^4.17.21",
        "uuid": "^10.0.0"
      }
    },
    "node_modules/js-yaml": {
      "version": "4.1.0",
      "resolved": "https://registry.npmjs.org/js-yaml/-/js-yaml-4.1.0.tgz",
      "integrity": "sha512-wpxZs9NoxZaJESJGIZTyDEaYpl0FKSA+FB9aJiyemKhMwkxQg63h4T1KJgUGHpTqPDNRcmmYLugrRjJlBtWvRA==",
      "dev": true,
      "license": "MIT",
      "dependencies": {
        "argparse": "^2.0.1"
      },
      "bin": {
        "js-yaml": "bin/js-yaml.js"
      }
    },
    "node_modules/lodash": {
      "version": "4.17.21",
      "resolved": "https://registry.npmjs.org/lodash/-/lodash-4.17.21.tgz",
      "integrity": "sha512-v2kDEe57lecTulaDIuNTPy3Ry4gLGJ6Z1O3vE1krgXZNrsQ+LFTGHVxVjcXPs17LhbZVGedAJv8XZ1tvj5FvSg==",
      "dev": true
    },
    "node_modules/uuid": {
      "version": "10.0.0",
      "resolved": "https://registry.npmjs.org/uuid/-/uuid-10.0.0.tgz",
      "integrity": "sha512-8XkAphELsDnEGrDxUOHB3RGvXz6TeuYSGEZBOjtTtPm2lwhGBjLgOzLHB63IUWfBpNucQjND6d3AOudO+H3RWQ==",
      "dev": true,
      "funding": [
        "https://github.com/sponsors/broofa",
        "https://github.com/sponsors/ctavan"
      ],
      "license": "MIT",
      "bin": {
        "uuid": "dist/bin/uuid"
      }
    }
  },
  "dependencies": {
    "@noble/hashes": {
      "version": "1.5.0",
      "resolved": "https://registry.npmjs.org/@noble/hashes/-/hashes-1.5.0.tgz",
      "integrity": "sha512-1j6kQFb7QRru7eKN3ZDvRcP13rugwdxZqCjbiAVZfIJwgj2A65UmT4TgARXGlXgnRkORLTDTrO19ZErt7+QXgA==",
      "dev": true
    },
    "@paralleldrive/cuid2": {
      "version": "2.2.2",
      "resolved": "https://registry.npmjs.org/@paralleldrive/cuid2/-/cuid2-2.2.2.tgz",
      "integrity": "sha512-ZOBkgDwEdoYVlSeRbYYXs0S9MejQofiVYoTbKzy/6GQa39/q5tQU2IX46+shYnUkpEl3wc+J6wRlar7r2EK2xA==",
      "dev": true,
      "requires": {
        "@noble/hashes": "^1.1.5"
      }
    },
    "argparse": {
      "version": "2.0.1",
      "resolved": "https://registry.npmjs.org/argparse/-/argparse-2.0.1.tgz",
      "integrity": "sha512-8+9WqebbFzpX9OR+Wa6O29asIogeRMzcGtAINdpMHHyAg10f05aSFVBbcEqGf/PXw1EjAZ+q2/bEBg3DvurK3Q==",
      "dev": true
    },
    "bcryptjs": {
      "version": "2.4.3",
      "resolved": "https://registry.npmjs.org/bcryptjs/-/bcryptjs-2.4.3.tgz",
      "integrity": "sha512-V/Hy/X9Vt7f3BbPJEi8BdVFMByHi+jNXrYkW3huaybV/kQ0KJg0Y6PkEMbn+zeT+i+SiKZ/HMqJGIIt4LZDqNQ==",
      "dev": true
    },
    "configdb": {
      "version": "0.2.5",
      "resolved": "https://registry.npmjs.org/configdb/-/configdb-0.2.5.tgz",
      "integrity": "sha512-BmBlBbUBRl8811u8OVe/nmki8v7BmFalY/cleZZSvA+9numzWg915m3qEtF8thPF6xTgaoe6rUM3h6FaxT+VMg==",
      "dev": true,
      "requires": {
        "cuid": "^2.1.8",
        "lodash": "^4.17.21"
      }
    },
    "cuid": {
      "version": "2.1.8",
      "resolved": "https://registry.npmjs.org/cuid/-/cuid-2.1.8.tgz",
      "integrity": "sha512-xiEMER6E7TlTPnDxrM4eRiC6TRgjNX9xzEZ5U/Se2YJKr7Mq4pJn/2XEHjl3STcSh96GmkHPcBXLES8M29wyyg==",
      "dev": true
    },
    "d8a": {
      "version": "0.10.2",
      "resolved": "https://registry.npmjs.org/d8a/-/d8a-0.10.2.tgz",
      "integrity": "sha512-lF33UOKDs3xk3bYCqgTnWMlq0kcvCFihMAPsRb4ye8To3Z+D1CKw/RIH3P4A0Mq+J8o/RnxgUmYswwakZgp3Zg==",
      "dev": true,
      "requires": {
        "extras": "^0.15.0"
      }
    },
    "extras": {
      "version": "0.15.0",
      "resolved": "https://registry.npmjs.org/extras/-/extras-0.15.0.tgz",
      "integrity": "sha512-QEU4dxiQcoZDpWG8TM+AcYxbAmx+cIuY0zR4kc/7hL3SvsQRq246c8SkTIzHrZPZrA4NwOxnZDdlE0MctM42sw==",
      "dev": true,
      "requires": {
        "@paralleldrive/cuid2": "^2.2.2",
        "bcryptjs": "^2.4.3",
        "js-yaml": "^4.1.0",
        "lodash": "^4.17.21",
        "uuid": "^10.0.0"
      }
    },
    "js-yaml": {
      "version": "4.1.0",
      "resolved": "https://registry.npmjs.org/js-yaml/-/js-yaml-4.1.0.tgz",
      "integrity": "sha512-wpxZs9NoxZaJESJGIZTyDEaYpl0FKSA+FB9aJiyemKhMwkxQg63h4T1KJgUGHpTqPDNRcmmYLugrRjJlBtWvRA==",
      "dev": true,
      "requires": {
        "argparse": "^2.0.1"
      }
    },
    "lodash": {
      "version": "4.17.21",
      "resolved": "https://registry.npmjs.org/lodash/-/lodash-4.17.21.tgz",
      "integrity": "sha512-v2kDEe57lecTulaDIuNTPy3Ry4gLGJ6Z1O3vE1krgXZNrsQ+LFTGHVxVjcXPs17LhbZVGedAJv8XZ1tvj5FvSg==",
      "dev": true
    },
    "uuid": {
      "version": "10.0.0",
      "resolved": "https://registry.npmjs.org/uuid/-/uuid-10.0.0.tgz",
      "integrity": "sha512-8XkAphELsDnEGrDxUOHB3RGvXz6TeuYSGEZBOjtTtPm2lwhGBjLgOzLHB63IUWfBpNucQjND6d3AOudO+H3RWQ==",
      "dev": true
    }
  }
}
